
Microsoft Visual Studio Solution File, Format Version 12.00
# Visual Studio Version 17
VisualStudioVersion = 17.14.36804.6
MinimumVisualStudioVersion = 10.0.40219.1
Project("{2150E333-8FDC-42A3-9474-1A3956D46DE8}") = "Solution Items", "Solution Items", "{8EC462FD-D22E-90A8-E5CE-7E832BA40C5D}"
	ProjectSection(SolutionItems) = preProject
		.gitignore = .gitignore
	EndProjectSection
EndProject
Project("{FAE04EC0-301F-11D3-BF4B-00C04F79EFBC}") = "CashTrack.Api", "CashTrack.Api\CashTrack.Api.csproj", "{D7EADB6A-C478-4BC7-80DE-1650C639393C}"
EndProject
Project("{FAE04EC0-301F-11D3-BF4B-00C04F79EFBC}") = "CashTrack.Domain", "CashTrack.Domain\CashTrack.Domain.csproj", "{524989FF-7BD3-4D32-84CD-A704311DC361}"
EndProject
Project("{FAE04EC0-301F-11D3-BF4B-00C04F79EFBC}") = "CashTrack.Application", "CashTrack.Application\CashTrack.Application.csproj", "{48833C10-3CDC-4F17-A0A4-E757C2145239}"
EndProject
Project("{FAE04EC0-301F-11D3-BF4B-00C04F79EFBC}") = "CashTrack.Infrastructure", "CashTrack.Infrastructure\CashTrack.Infrastructure.csproj", "{F035CED1-F7B1-4FDF-B86D-E141C30742BA}"
EndProject
Project("{FAE04EC0-301F-11D3-BF4B-00C04F79EFBC}") = "CashTrack.Tests", "CashTrack.Tests\CashTrack.Tests.csproj", "{364FAE03-FB8E-4A47-B2D1-62A96A247CE0}"
EndProject
Project("{2150E333-8FDC-42A3-9474-1A3956D46DE8}") = ".github", ".github", "{02EA681E-C7D8-13C7-8484-4AC65E1B71E8}"
EndProject
Project("{2150E333-8FDC-42A3-9474-1A3956D46DE8}") = "workflows", "workflows", "{DFF493C1-0228-40DC-B069-1A91E4734961}"
	ProjectSection(SolutionItems) = preProject
		dotnet-ci.yml = dotnet-ci.yml
	EndProjectSection
EndProject
Global
	GlobalSection(SolutionConfigurationPlatforms) = preSolution
		Debug|Any CPU = Debug|Any CPU
		Release|Any CPU = Release|Any CPU
	EndGlobalSection
	GlobalSection(ProjectConfigurationPlatforms) = postSolution
		{D7EADB6A-C478-4BC7-80DE-1650C639393C}.Debug|Any CPU.ActiveCfg = Debug|Any CPU
		{D7EADB6A-C478-4BC7-80DE-1650C639393C}.Debug|Any CPU.Build.0 = Debug|Any CPU
		{D7EADB6A-C478-4BC7-80DE-1650C639393C}.Release|Any CPU.ActiveCfg = Release|Any CPU
		{D7EADB6A-C478-4BC7-80DE-1650C639393C}.Release|Any CPU.Build.0 = Release|Any CPU
		{524989FF-7BD3-4D32-84CD-A704311DC361}.Debug|Any CPU.ActiveCfg = Debug|Any CPU
		{524989FF-7BD3-4D32-84CD-A704311DC361}.Debug|Any CPU.Build.0 = Debug|Any CPU
		{524989FF-7BD3-4D32-84CD-A704311DC361}.Release|Any CPU.ActiveCfg = Release|Any CPU
		{524989FF-7BD3-4D32-84CD-A704311DC361}.Release|Any CPU.Build.0 = Release|Any CPU
		{48833C10-3CDC-4F17-A0A4-E757C2145239}.Debug|Any CPU.ActiveCfg = Debug|Any CPU
		{48833C10-3CDC-4F17-A0A4-E757C2145239}.Debug|Any CPU.Build.0 = Debug|Any CPU
		{48833C10-3CDC-4F17-A0A4-E757C2145239}.Release|Any CPU.ActiveCfg = Release|Any CPU
		{48833C10-3CDC-4F17-A0A4-E757C2145239}.Release|Any CPU.Build.0 = Release|Any CPU
		{F035CED1-F7B1-4FDF-B86D-E141C30742BA}.Debug|Any CPU.ActiveCfg = Debug|Any CPU
		{F035CED1-F7B1-4FDF-B86D-E141C30742BA}.Debug|Any CPU.Build.0 = Debug|Any CPU
		{F035CED1-F7B1-4FDF-B86D-E141C30742BA}.Release|Any CPU.ActiveCfg = Release|Any CPU
		{F035CED1-F7B1-4FDF-B86D-E141C30742BA}.Release|Any CPU.Build.0 = Release|Any CPU
		{364FAE03-FB8E-4A47-B2D1-62A96A247CE0}.Debug|Any CPU.ActiveCfg = Debug|Any CPU
		{364FAE03-FB8E-4A47-B2D1-62A96A247CE0}.Debug|Any CPU.Build.0 = Debug|Any CPU
		{364FAE03-FB8E-4A47-B2D1-62A96A247CE0}.Release|Any CPU.ActiveCfg = Release|Any CPU
		{364FAE03-FB8E-4A47-B2D1-62A96A247CE0}.Release|Any CPU.Build.0 = Release|Any CPU
	EndGlobalSection
	GlobalSection(SolutionProperties) = preSolution
		HideSolutionNode = FALSE
	EndGlobalSection
	GlobalSection(NestedProjects) = preSolution
		{DFF493C1-0228-40DC-B069-1A91E4734961} = {02EA681E-C7D8-13C7-8484-4AC65E1B71E8}
	EndGlobalSection
	GlobalSection(ExtensibilityGlobals) = postSolution
		SolutionGuid = {92512D02-F767-4ECA-87A2-C7483F0C1542}
	EndGlobalSection
EndGlobal
